
Microsoft Visual Studio Solution File, Format Version 12.00
# Visual Studio 14
VisualStudioVersion = 14.0.25420.1
MinimumVisualStudioVersion = 10.0.40219.1
Project("{FAE04EC0-301F-11D3-BF4B-00C04F79EFBC}") = "Firebase.iOS.Analytics", "Firebase.iOS.Analytics\Firebase.iOS.Analytics.csproj", "{A9049922-6FA2-4C04-97E0-1F83517AA057}"
EndProject
Project("{FAE04EC0-301F-11D3-BF4B-00C04F79EFBC}") = "Firebase.iOS.Database", "Firebase.iOS.Database\Firebase.iOS.Database.csproj", "{9B70EF4B-C837-4C04-BE94-4608A56E1D25}"
EndProject
Project("{FAE04EC0-301F-11D3-BF4B-00C04F79EFBC}") = "Firebase.iOS.Auth", "Firebase.iOS.Auth\Firebase.iOS.Auth.csproj", "{38D91CD6-1E88-4FA9-AB40-5C9805CC27E5}"
EndProject
Project("{FAE04EC0-301F-11D3-BF4B-00C04F79EFBC}") = "Firebase.iOS.Storage", "Firebase.iOS.Storage\Firebase.iOS.Storage.csproj", "{7D1CAD3C-3E52-4C54-B12F-400A1D5F3BAA}"
EndProject
Project("{FAE04EC0-301F-11D3-BF4B-00C04F79EFBC}") = "Firebase.iOS.Messaging", "Firebase.iOS.Messaging\Firebase.iOS.Messaging.csproj", "{1181BA89-50BB-467C-A53C-089BD1F6A8FA}"
EndProject
Project("{FAE04EC0-301F-11D3-BF4B-00C04F79EFBC}") = "Firebase.iOS.RemoteConfig", "Firebase.iOS.RemoteConfig\Firebase.iOS.RemoteConfig.csproj", "{856CB771-6A1A-401E-80D2-ECB2DE98AA8A}"
EndProject
Global
	GlobalSection(SolutionConfigurationPlatforms) = preSolution
		Ad-Hoc|Any CPU = Ad-Hoc|Any CPU
		Ad-Hoc|iPhone = Ad-Hoc|iPhone
		Ad-Hoc|iPhoneSimulator = Ad-Hoc|iPhoneSimulator
		AppStore|Any CPU = AppStore|Any CPU
		AppStore|iPhone = AppStore|iPhone
		AppStore|iPhoneSimulator = AppStore|iPhoneSimulator
		Debug|Any CPU = Debug|Any CPU
		Debug|iPhone = Debug|iPhone
		Debug|iPhoneSimulator = Debug|iPhoneSimulator
		Release|Any CPU = Release|Any CPU
		Release|iPhone = Release|iPhone
		Release|iPhoneSimulator = Release|iPhoneSimulator
	EndGlobalSection
	GlobalSection(ProjectConfigurationPlatforms) = postSolution
		{A9049922-6FA2-4C04-97E0-1F83517AA057}.Ad-Hoc|Any CPU.ActiveCfg = Release|Any CPU
		{A9049922-6FA2-4C04-97E0-1F83517AA057}.Ad-Hoc|Any CPU.Build.0 = Release|Any CPU
		{A9049922-6FA2-4C04-97E0-1F83517AA057}.Ad-Hoc|iPhone.ActiveCfg = Release|Any CPU
		{A9049922-6FA2-4C04-97E0-1F83517AA057}.Ad-Hoc|iPhone.Build.0 = Release|Any CPU
		{A9049922-6FA2-4C04-97E0-1F83517AA057}.Ad-Hoc|iPhoneSimulator.ActiveCfg = Release|Any CPU
		{A9049922-6FA2-4C04-97E0-1F83517AA057}.Ad-Hoc|iPhoneSimulator.Build.0 = Release|Any CPU
		{A9049922-6FA2-4C04-97E0-1F83517AA057}.AppStore|Any CPU.ActiveCfg = Release|Any CPU
		{A9049922-6FA2-4C04-97E0-1F83517AA057}.AppStore|Any CPU.Build.0 = Release|Any CPU
		{A9049922-6FA2-4C04-97E0-1F83517AA057}.AppStore|iPhone.ActiveCfg = Release|Any CPU
		{A9049922-6FA2-4C04-97E0-1F83517AA057}.AppStore|iPhone.Build.0 = Release|Any CPU
		{A9049922-6FA2-4C04-97E0-1F83517AA057}.AppStore|iPhoneSimulator.ActiveCfg = Release|Any CPU
		{A9049922-6FA2-4C04-97E0-1F83517AA057}.AppStore|iPhoneSimulator.Build.0 = Release|Any CPU
		{A9049922-6FA2-4C04-97E0-1F83517AA057}.Debug|Any CPU.ActiveCfg = Debug|Any CPU
		{A9049922-6FA2-4C04-97E0-1F83517AA057}.Debug|Any CPU.Build.0 = Debug|Any CPU
		{A9049922-6FA2-4C04-97E0-1F83517AA057}.Debug|iPhone.ActiveCfg = Debug|Any CPU
		{A9049922-6FA2-4C04-97E0-1F83517AA057}.Debug|iPhone.Build.0 = Debug|Any CPU
		{A9049922-6FA2-4C04-97E0-1F83517AA057}.Debug|iPhoneSimulator.ActiveCfg = Debug|Any CPU
		{A9049922-6FA2-4C04-97E0-1F83517AA057}.Debug|iPhoneSimulator.Build.0 = Debug|Any CPU
		{A9049922-6FA2-4C04-97E0-1F83517AA057}.Release|Any CPU.ActiveCfg = Release|Any CPU
		{A9049922-6FA2-4C04-97E0-1F83517AA057}.Release|Any CPU.Build.0 = Release|Any CPU
		{A9049922-6FA2-4C04-97E0-1F83517AA057}.Release|iPhone.ActiveCfg = Release|Any CPU
		{A9049922-6FA2-4C04-97E0-1F83517AA057}.Release|iPhone.Build.0 = Release|Any CPU
		{A9049922-6FA2-4C04-97E0-1F83517AA057}.Release|iPhoneSimulator.ActiveCfg = Release|Any CPU
		{A9049922-6FA2-4C04-97E0-1F83517AA057}.Release|iPhoneSimulator.Build.0 = Release|Any CPU
		{9B70EF4B-C837-4C04-BE94-4608A56E1D25}.Ad-Hoc|Any CPU.ActiveCfg = Release|Any CPU
		{9B70EF4B-C837-4C04-BE94-4608A56E1D25}.Ad-Hoc|Any CPU.Build.0 = Release|Any CPU
		{9B70EF4B-C837-4C04-BE94-4608A56E1D25}.Ad-Hoc|iPhone.ActiveCfg = Release|Any CPU
		{9B70EF4B-C837-4C04-BE94-4608A56E1D25}.Ad-Hoc|iPhone.Build.0 = Release|Any CPU
		{9B70EF4B-C837-4C04-BE94-4608A56E1D25}.Ad-Hoc|iPhoneSimulator.ActiveCfg = Release|Any CPU
		{9B70EF4B-C837-4C04-BE94-4608A56E1D25}.Ad-Hoc|iPhoneSimulator.Build.0 = Release|Any CPU
		{9B70EF4B-C837-4C04-BE94-4608A56E1D25}.AppStore|Any CPU.ActiveCfg = Release|Any CPU
		{9B70EF4B-C837-4C04-BE94-4608A56E1D25}.AppStore|Any CPU.Build.0 = Release|Any CPU
		{9B70EF4B-C837-4C04-BE94-4608A56E1D25}.AppStore|iPhone.ActiveCfg = Release|Any CPU
		{9B70EF4B-C837-4C04-BE94-4608A56E1D25}.AppStore|iPhone.Build.0 = Release|Any CPU
		{9B70EF4B-C837-4C04-BE94-4608A56E1D25}.AppStore|iPhoneSimulator.ActiveCfg = Release|Any CPU
		{9B70EF4B-C837-4C04-BE94-4608A56E1D25}.AppStore|iPhoneSimulator.Build.0 = Release|Any CPU
		{9B70EF4B-C837-4C04-BE94-4608A56E1D25}.Debug|Any CPU.ActiveCfg = Debug|Any CPU
		{9B70EF4B-C837-4C04-BE94-4608A56E1D25}.Debug|Any CPU.Build.0 = Debug|Any CPU
		{9B70EF4B-C837-4C04-BE94-4608A56E1D25}.Debug|iPhone.ActiveCfg = Debug|Any CPU
		{9B70EF4B-C837-4C04-BE94-4608A56E1D25}.Debug|iPhone.Build.0 = Debug|Any CPU
		{9B70EF4B-C837-4C04-BE94-4608A56E1D25}.Debug|iPhoneSimulator.ActiveCfg = Debug|Any CPU
		{9B70EF4B-C837-4C04-BE94-4608A56E1D25}.Debug|iPhoneSimulator.Build.0 = Debug|Any CPU
		{9B70EF4B-C837-4C04-BE94-4608A56E1D25}.Release|Any CPU.ActiveCfg = Release|Any CPU
		{9B70EF4B-C837-4C04-BE94-4608A56E1D25}.Release|Any CPU.Build.0 = Release|Any CPU
		{9B70EF4B-C837-4C04-BE94-4608A56E1D25}.Release|iPhone.ActiveCfg = Release|Any CPU
		{9B70EF4B-C837-4C04-BE94-4608A56E1D25}.Release|iPhone.Build.0 = Release|Any CPU
		{9B70EF4B-C837-4C04-BE94-4608A56E1D25}.Release|iPhoneSimulator.ActiveCfg = Release|Any CPU
		{9B70EF4B-C837-4C04-BE94-4608A56E1D25}.Release|iPhoneSimulator.Build.0 = Release|Any CPU
		{38D91CD6-1E88-4FA9-AB40-5C9805CC27E5}.Ad-Hoc|Any CPU.ActiveCfg = Release|Any CPU
		{38D91CD6-1E88-4FA9-AB40-5C9805CC27E5}.Ad-Hoc|Any CPU.Build.0 = Release|Any CPU
		{38D91CD6-1E88-4FA9-AB40-5C9805CC27E5}.Ad-Hoc|iPhone.ActiveCfg = Release|Any CPU
		{38D91CD6-1E88-4FA9-AB40-5C9805CC27E5}.Ad-Hoc|iPhone.Build.0 = Release|Any CPU
		{38D91CD6-1E88-4FA9-AB40-5C9805CC27E5}.Ad-Hoc|iPhoneSimulator.ActiveCfg = Release|Any CPU
		{38D91CD6-1E88-4FA9-AB40-5C9805CC27E5}.Ad-Hoc|iPhoneSimulator.Build.0 = Release|Any CPU
		{38D91CD6-1E88-4FA9-AB40-5C9805CC27E5}.AppStore|Any CPU.ActiveCfg = Release|Any CPU
		{38D91CD6-1E88-4FA9-AB40-5C9805CC27E5}.AppStore|Any CPU.Build.0 = Release|Any CPU
		{38D91CD6-1E88-4FA9-AB40-5C9805CC27E5}.AppStore|iPhone.ActiveCfg = Release|Any CPU
		{38D91CD6-1E88-4FA9-AB40-5C9805CC27E5}.AppStore|iPhone.Build.0 = Release|Any CPU
		{38D91CD6-1E88-4FA9-AB40-5C9805CC27E5}.AppStore|iPhoneSimulator.ActiveCfg = Release|Any CPU
		{38D91CD6-1E88-4FA9-AB40-5C9805CC27E5}.AppStore|iPhoneSimulator.Build.0 = Release|Any CPU
		{38D91CD6-1E88-4FA9-AB40-5C9805CC27E5}.Debug|Any CPU.ActiveCfg = Debug|Any CPU
		{38D91CD6-1E88-4FA9-AB40-5C9805CC27E5}.Debug|Any CPU.Build.0 = Debug|Any CPU
		{38D91CD6-1E88-4FA9-AB40-5C9805CC27E5}.Debug|iPhone.ActiveCfg = Debug|Any CPU
		{38D91CD6-1E88-4FA9-AB40-5C9805CC27E5}.Debug|iPhone.Build.0 = Debug|Any CPU
		{38D91CD6-1E88-4FA9-AB40-5C9805CC27E5}.Debug|iPhoneSimulator.ActiveCfg = Debug|Any CPU
		{38D91CD6-1E88-4FA9-AB40-5C9805CC27E5}.Debug|iPhoneSimulator.Build.0 = Debug|Any CPU
		{38D91CD6-1E88-4FA9-AB40-5C9805CC27E5}.Release|Any CPU.ActiveCfg = Release|Any CPU
		{38D91CD6-1E88-4FA9-AB40-5C9805CC27E5}.Release|Any CPU.Build.0 = Release|Any CPU
		{38D91CD6-1E88-4FA9-AB40-5C9805CC27E5}.Release|iPhone.ActiveCfg = Release|Any CPU
		{38D91CD6-1E88-4FA9-AB40-5C9805CC27E5}.Release|iPhone.Build.0 = Release|Any CPU
		{38D91CD6-1E88-4FA9-AB40-5C9805CC27E5}.Release|iPhoneSimulator.ActiveCfg = Release|Any CPU
		{38D91CD6-1E88-4FA9-AB40-5C9805CC27E5}.Release|iPhoneSimulator.Build.0 = Release|Any CPU
		{7D1CAD3C-3E52-4C54-B12F-400A1D5F3BAA}.Ad-Hoc|Any CPU.ActiveCfg = Release|Any CPU
		{7D1CAD3C-3E52-4C54-B12F-400A1D5F3BAA}.Ad-Hoc|Any CPU.Build.0 = Release|Any CPU
		{7D1CAD3C-3E52-4C54-B12F-400A1D5F3BAA}.Ad-Hoc|iPhone.ActiveCfg = Release|Any CPU
		{7D1CAD3C-3E52-4C54-B12F-400A1D5F3BAA}.Ad-Hoc|iPhone.Build.0 = Release|Any CPU
		{7D1CAD3C-3E52-4C54-B12F-400A1D5F3BAA}.Ad-Hoc|iPhoneSimulator.ActiveCfg = Release|Any CPU
		{7D1CAD3C-3E52-4C54-B12F-400A1D5F3BAA}.Ad-Hoc|iPhoneSimulator.Build.0 = Release|Any CPU
		{7D1CAD3C-3E52-4C54-B12F-400A1D5F3BAA}.AppStore|Any CPU.ActiveCfg = Release|Any CPU
		{7D1CAD3C-3E52-4C54-B12F-400A1D5F3BAA}.AppStore|Any CPU.Build.0 = Release|Any CPU
		{7D1CAD3C-3E52-4C54-B12F-400A1D5F3BAA}.AppStore|iPhone.ActiveCfg = Release|Any CPU
		{7D1CAD3C-3E52-4C54-B12F-400A1D5F3BAA}.AppStore|iPhone.Build.0 = Release|Any CPU
		{7D1CAD3C-3E52-4C54-B12F-400A1D5F3BAA}.AppStore|iPhoneSimulator.ActiveCfg = Release|Any CPU
		{7D1CAD3C-3E52-4C54-B12F-400A1D5F3BAA}.AppStore|iPhoneSimulator.Build.0 = Release|Any CPU
		{7D1CAD3C-3E52-4C54-B12F-400A1D5F3BAA}.Debug|Any CPU.ActiveCfg = Debug|Any CPU
		{7D1CAD3C-3E52-4C54-B12F-400A1D5F3BAA}.Debug|Any CPU.Build.0 = Debug|Any CPU
		{7D1CAD3C-3E52-4C54-B12F-400A1D5F3BAA}.Debug|iPhone.ActiveCfg = Debug|Any CPU
		{7D1CAD3C-3E52-4C54-B12F-400A1D5F3BAA}.Debug|iPhone.Build.0 = Debug|Any CPU
		{7D1CAD3C-3E52-4C54-B12F-400A1D5F3BAA}.Debug|iPhoneSimulator.ActiveCfg = Debug|Any CPU
		{7D1CAD3C-3E52-4C54-B12F-400A1D5F3BAA}.Debug|iPhoneSimulator.Build.0 = Debug|Any CPU
		{7D1CAD3C-3E52-4C54-B12F-400A1D5F3BAA}.Release|Any CPU.ActiveCfg = Release|Any CPU
		{7D1CAD3C-3E52-4C54-B12F-400A1D5F3BAA}.Release|Any CPU.Build.0 = Release|Any CPU
		{7D1CAD3C-3E52-4C54-B12F-400A1D5F3BAA}.Release|iPhone.ActiveCfg = Release|Any CPU
		{7D1CAD3C-3E52-4C54-B12F-400A1D5F3BAA}.Release|iPhone.Build.0 = Release|Any CPU
		{7D1CAD3C-3E52-4C54-B12F-400A1D5F3BAA}.Release|iPhoneSimulator.ActiveCfg = Release|Any CPU
		{7D1CAD3C-3E52-4C54-B12F-400A1D5F3BAA}.Release|iPhoneSimulator.Build.0 = Release|Any CPU
		{1181BA89-50BB-467C-A53C-089BD1F6A8FA}.Ad-Hoc|Any CPU.ActiveCfg = Release|Any CPU
		{1181BA89-50BB-467C-A53C-089BD1F6A8FA}.Ad-Hoc|Any CPU.Build.0 = Release|Any CPU
		{1181BA89-50BB-467C-A53C-089BD1F6A8FA}.Ad-Hoc|iPhone.ActiveCfg = Release|Any CPU
		{1181BA89-50BB-467C-A53C-089BD1F6A8FA}.Ad-Hoc|iPhone.Build.0 = Release|Any CPU
		{1181BA89-50BB-467C-A53C-089BD1F6A8FA}.Ad-Hoc|iPhoneSimulator.ActiveCfg = Release|Any CPU
		{1181BA89-50BB-467C-A53C-089BD1F6A8FA}.Ad-Hoc|iPhoneSimulator.Build.0 = Release|Any CPU
		{1181BA89-50BB-467C-A53C-089BD1F6A8FA}.AppStore|Any CPU.ActiveCfg = Release|Any CPU
		{1181BA89-50BB-467C-A53C-089BD1F6A8FA}.AppStore|Any CPU.Build.0 = Release|Any CPU
		{1181BA89-50BB-467C-A53C-089BD1F6A8FA}.AppStore|iPhone.ActiveCfg = Release|Any CPU
		{1181BA89-50BB-467C-A53C-089BD1F6A8FA}.AppStore|iPhone.Build.0 = Release|Any CPU
		{1181BA89-50BB-467C-A53C-089BD1F6A8FA}.AppStore|iPhoneSimulator.ActiveCfg = Release|Any CPU
		{1181BA89-50BB-467C-A53C-089BD1F6A8FA}.AppStore|iPhoneSimulator.Build.0 = Release|Any CPU
		{1181BA89-50BB-467C-A53C-089BD1F6A8FA}.Debug|Any CPU.ActiveCfg = Debug|Any CPU
		{1181BA89-50BB-467C-A53C-089BD1F6A8FA}.Debug|Any CPU.Build.0 = Debug|Any CPU
		{1181BA89-50BB-467C-A53C-089BD1F6A8FA}.Debug|iPhone.ActiveCfg = Debug|Any CPU
		{1181BA89-50BB-467C-A53C-089BD1F6A8FA}.Debug|iPhone.Build.0 = Debug|Any CPU
		{1181BA89-50BB-467C-A53C-089BD1F6A8FA}.Debug|iPhoneSimulator.ActiveCfg = Debug|Any CPU
		{1181BA89-50BB-467C-A53C-089BD1F6A8FA}.Debug|iPhoneSimulator.Build.0 = Debug|Any CPU
		{1181BA89-50BB-467C-A53C-089BD1F6A8FA}.Release|Any CPU.ActiveCfg = Release|Any CPU
		{1181BA89-50BB-467C-A53C-089BD1F6A8FA}.Release|Any CPU.Build.0 = Release|Any CPU
		{1181BA89-50BB-467C-A53C-089BD1F6A8FA}.Release|iPhone.ActiveCfg = Release|Any CPU
		{1181BA89-50BB-467C-A53C-089BD1F6A8FA}.Release|iPhone.Build.0 = Release|Any CPU
		{1181BA89-50BB-467C-A53C-089BD1F6A8FA}.Release|iPhoneSimulator.ActiveCfg = Release|Any CPU
		{1181BA89-50BB-467C-A53C-089BD1F6A8FA}.Release|iPhoneSimulator.Build.0 = Release|Any CPU
		{856CB771-6A1A-401E-80D2-ECB2DE98AA8A}.Ad-Hoc|Any CPU.ActiveCfg = Release|Any CPU
		{856CB771-6A1A-401E-80D2-ECB2DE98AA8A}.Ad-Hoc|Any CPU.Build.0 = Release|Any CPU
		{856CB771-6A1A-401E-80D2-ECB2DE98AA8A}.Ad-Hoc|iPhone.ActiveCfg = Release|Any CPU
		{856CB771-6A1A-401E-80D2-ECB2DE98AA8A}.Ad-Hoc|iPhone.Build.0 = Release|Any CPU
		{856CB771-6A1A-401E-80D2-ECB2DE98AA8A}.Ad-Hoc|iPhoneSimulator.ActiveCfg = Release|Any CPU
		{856CB771-6A1A-401E-80D2-ECB2DE98AA8A}.Ad-Hoc|iPhoneSimulator.Build.0 = Release|Any CPU
		{856CB771-6A1A-401E-80D2-ECB2DE98AA8A}.AppStore|Any CPU.ActiveCfg = Release|Any CPU
		{856CB771-6A1A-401E-80D2-ECB2DE98AA8A}.AppStore|Any CPU.Build.0 = Release|Any CPU
		{856CB771-6A1A-401E-80D2-ECB2DE98AA8A}.AppStore|iPhone.ActiveCfg = Release|Any CPU
		{856CB771-6A1A-401E-80D2-ECB2DE98AA8A}.AppStore|iPhone.Build.0 = Release|Any CPU
		{856CB771-6A1A-401E-80D2-ECB2DE98AA8A}.AppStore|iPhoneSimulator.ActiveCfg = Release|Any CPU
		{856CB771-6A1A-401E-80D2-ECB2DE98AA8A}.AppStore|iPhoneSimulator.Build.0 = Release|Any CPU
		{856CB771-6A1A-401E-80D2-ECB2DE98AA8A}.Debug|Any CPU.ActiveCfg = Debug|Any CPU
		{856CB771-6A1A-401E-80D2-ECB2DE98AA8A}.Debug|Any CPU.Build.0 = Debug|Any CPU
		{856CB771-6A1A-401E-80D2-ECB2DE98AA8A}.Debug|iPhone.ActiveCfg = Debug|Any CPU
		{856CB771-6A1A-401E-80D2-ECB2DE98AA8A}.Debug|iPhone.Build.0 = Debug|Any CPU
		{856CB771-6A1A-401E-80D2-ECB2DE98AA8A}.Debug|iPhoneSimulator.ActiveCfg = Debug|Any CPU
		{856CB771-6A1A-401E-80D2-ECB2DE98AA8A}.Debug|iPhoneSimulator.Build.0 = Debug|Any CPU
		{856CB771-6A1A-401E-80D2-ECB2DE98AA8A}.Release|Any CPU.ActiveCfg = Release|Any CPU
		{856CB771-6A1A-401E-80D2-ECB2DE98AA8A}.Release|Any CPU.Build.0 = Release|Any CPU
		{856CB771-6A1A-401E-80D2-ECB2DE98AA8A}.Release|iPhone.ActiveCfg = Release|Any CPU
		{856CB771-6A1A-401E-80D2-ECB2DE98AA8A}.Release|iPhone.Build.0 = Release|Any CPU
		{856CB771-6A1A-401E-80D2-ECB2DE98AA8A}.Release|iPhoneSimulator.ActiveCfg = Release|Any CPU
		{856CB771-6A1A-401E-80D2-ECB2DE98AA8A}.Release|iPhoneSimulator.Build.0 = Release|Any CPU
	EndGlobalSection
	GlobalSection(SolutionProperties) = preSolution
		HideSolutionNode = FALSE
	EndGlobalSection
EndGlobal
